
Microsoft Visual Studio Solution File, Format Version 12.00
# Visual Studio Version 16
VisualStudioVersion = 16.0.29215.179
MinimumVisualStudioVersion = 10.0.40219.1
Project("{FAE04EC0-301F-11D3-BF4B-00C04F79EFBC}") = "SysComercio", "SysComercio\SysComercio.csproj", "{91024DA6-5E92-40F1-BE29-16EB627ACC01}"
EndProject
Global
	GlobalSection(SolutionConfigurationPlatforms) = preSolution
		Debug|Any CPU = Debug|Any CPU
		Release|Any CPU = Release|Any CPU
	EndGlobalSection
	GlobalSection(ProjectConfigurationPlatforms) = postSolution
		{91024DA6-5E92-40F1-BE29-16EB627ACC01}.Debug|Any CPU.ActiveCfg = Debug|Any CPU
		{91024DA6-5E92-40F1-BE29-16EB627ACC01}.Debug|Any CPU.Build.0 = Debug|Any CPU
		{91024DA6-5E92-40F1-BE29-16EB627ACC01}.Release|Any CPU.ActiveCfg = Release|Any CPU
		{91024DA6-5E92-40F1-BE29-16EB627ACC01}.Release|Any CPU.Build.0 = Release|Any CPU
	EndGlobalSection
	GlobalSection(SolutionProperties) = preSolution
		HideSolutionNode = FALSE
	EndGlobalSection
	GlobalSection(ExtensibilityGlobals) = postSolution
		SolutionGuid = {FEAEA7C0-FF82-4C3A-8408-323ADCE37563}
	EndGlobalSection
EndGlobal
